// !$*UTF8*$!
{
	archiveVersion = 1;
	classes = {
	};
	objectVersion = 56;
	objects = {

/* Begin PBXBuildFile section */
		5B08200D28DAB13C00BB9C31 /* AppDelegate.swift in Sources */ = {isa = PBXBuildFile; fileRef = 5B08200C28DAB13C00BB9C31 /* AppDelegate.swift */; };
		5B08200F28DAB13C00BB9C31 /* SceneDelegate.swift in Sources */ = {isa = PBXBuildFile; fileRef = 5B08200E28DAB13C00BB9C31 /* SceneDelegate.swift */; };
		5B08201128DAB13C00BB9C31 /* ReminderListViewController.swift in Sources */ = {isa = PBXBuildFile; fileRef = 5B08201028DAB13C00BB9C31 /* ReminderListViewController.swift */; };
		5B08201428DAB13C00BB9C31 /* Main.storyboard in Resources */ = {isa = PBXBuildFile; fileRef = 5B08201228DAB13C00BB9C31 /* Main.storyboard */; };
		5B08201628DAB13D00BB9C31 /* Assets.xcassets in Resources */ = {isa = PBXBuildFile; fileRef = 5B08201528DAB13D00BB9C31 /* Assets.xcassets */; };
		5B08201928DAB13D00BB9C31 /* LaunchScreen.storyboard in Resources */ = {isa = PBXBuildFile; fileRef = 5B08201728DAB13D00BB9C31 /* LaunchScreen.storyboard */; };
		5B08202428DAB13D00BB9C31 /* TodayTests.swift in Sources */ = {isa = PBXBuildFile; fileRef = 5B08202328DAB13D00BB9C31 /* TodayTests.swift */; };
		5B08202E28DAB13D00BB9C31 /* TodayUITests.swift in Sources */ = {isa = PBXBuildFile; fileRef = 5B08202D28DAB13D00BB9C31 /* TodayUITests.swift */; };
		5B08203028DAB13D00BB9C31 /* TodayUITestsLaunchTests.swift in Sources */ = {isa = PBXBuildFile; fileRef = 5B08202F28DAB13D00BB9C31 /* TodayUITestsLaunchTests.swift */; };
		5B08203E28DD91CB00BB9C31 /* Reminder.swift in Sources */ = {isa = PBXBuildFile; fileRef = 5B08203D28DD91CB00BB9C31 /* Reminder.swift */; };
		5B08204028E2B84D00BB9C31 /* Date+Today.swift in Sources */ = {isa = PBXBuildFile; fileRef = 5B08203F28E2B84D00BB9C31 /* Date+Today.swift */; };
/* End PBXBuildFile section */

/* Begin PBXContainerItemProxy section */
		5B08202028DAB13D00BB9C31 /* PBXContainerItemProxy */ = {
			isa = PBXContainerItemProxy;
			containerPortal = 5B08200128DAB13C00BB9C31 /* Project object */;
			proxyType = 1;
			remoteGlobalIDString = 5B08200828DAB13C00BB9C31;
			remoteInfo = Today;
		};
		5B08202A28DAB13D00BB9C31 /* PBXContainerItemProxy */ = {
			isa = PBXContainerItemProxy;
			containerPortal = 5B08200128DAB13C00BB9C31 /* Project object */;
			proxyType = 1;
			remoteGlobalIDString = 5B08200828DAB13C00BB9C31;
			remoteInfo = Today;
		};
/* End PBXContainerItemProxy section */

/* Begin PBXFileReference section */
		5B08200928DAB13C00BB9C31 /* Today.app */ = {isa = PBXFileReference; explicitFileType = wrapper.application; includeInIndex = 0; path = Today.app; sourceTree = BUILT_PRODUCTS_DIR; };
		5B08200C28DAB13C00BB9C31 /* AppDelegate.swift */ = {isa = PBXFileReference; lastKnownFileType = sourcecode.swift; path = AppDelegate.swift; sourceTree = "<group>"; };
		5B08200E28DAB13C00BB9C31 /* SceneDelegate.swift */ = {isa = PBXFileReference; lastKnownFileType = sourcecode.swift; path = SceneDelegate.swift; sourceTree = "<group>"; };
		5B08201028DAB13C00BB9C31 /* ReminderListViewController.swift */ = {isa = PBXFileReference; lastKnownFileType = sourcecode.swift; path = ReminderListViewController.swift; sourceTree = "<group>"; };
		5B08201328DAB13C00BB9C31 /* Base */ = {isa = PBXFileReference; lastKnownFileType = file.storyboard; name = Base; path = Base.lproj/Main.storyboard; sourceTree = "<group>"; };
		5B08201528DAB13D00BB9C31 /* Assets.xcassets */ = {isa = PBXFileReference; lastKnownFileType = folder.assetcatalog; path = Assets.xcassets; sourceTree = "<group>"; };
		5B08201828DAB13D00BB9C31 /* Base */ = {isa = PBXFileReference; lastKnownFileType = file.storyboard; name = Base; path = Base.lproj/LaunchScreen.storyboard; sourceTree = "<group>"; };
		5B08201A28DAB13D00BB9C31 /* Info.plist */ = {isa = PBXFileReference; lastKnownFileType = text.plist.xml; path = Info.plist; sourceTree = "<group>"; };
		5B08201F28DAB13D00BB9C31 /* TodayTests.xctest */ = {isa = PBXFileReference; explicitFileType = wrapper.cfbundle; includeInIndex = 0; path = TodayTests.xctest; sourceTree = BUILT_PRODUCTS_DIR; };
		5B08202328DAB13D00BB9C31 /* TodayTests.swift */ = {isa = PBXFileReference; lastKnownFileType = sourcecode.swift; path = TodayTests.swift; sourceTree = "<group>"; };
		5B08202928DAB13D00BB9C31 /* TodayUITests.xctest */ = {isa = PBXFileReference; explicitFileType = wrapper.cfbundle; includeInIndex = 0; path = TodayUITests.xctest; sourceTree = BUILT_PRODUCTS_DIR; };
		5B08202D28DAB13D00BB9C31 /* TodayUITests.swift */ = {isa = PBXFileReference; lastKnownFileType = sourcecode.swift; path = TodayUITests.swift; sourceTree = "<group>"; };
		5B08202F28DAB13D00BB9C31 /* TodayUITestsLaunchTests.swift */ = {isa = PBXFileReference; lastKnownFileType = sourcecode.swift; path = TodayUITestsLaunchTests.swift; sourceTree = "<group>"; };
		5B08203D28DD91CB00BB9C31 /* Reminder.swift */ = {isa = PBXFileReference; lastKnownFileType = sourcecode.swift; path = Reminder.swift; sourceTree = "<group>"; };
		5B08203F28E2B84D00BB9C31 /* Date+Today.swift */ = {isa = PBXFileReference; lastKnownFileType = sourcecode.swift; path = "Date+Today.swift"; sourceTree = "<group>"; };
/* End PBXFileReference section */

/* Begin PBXFrameworksBuildPhase section */
		5B08200628DAB13C00BB9C31 /* Frameworks */ = {
			isa = PBXFrameworksBuildPhase;
			buildActionMask = 2147483647;
			files = (
			);
			runOnlyForDeploymentPostprocessing = 0;
		};
		5B08201C28DAB13D00BB9C31 /* Frameworks */ = {
			isa = PBXFrameworksBuildPhase;
			buildActionMask = 2147483647;
			files = (
			);
			runOnlyForDeploymentPostprocessing = 0;
		};
		5B08202628DAB13D00BB9C31 /* Frameworks */ = {
			isa = PBXFrameworksBuildPhase;
			buildActionMask = 2147483647;
			files = (
			);
			runOnlyForDeploymentPostprocessing = 0;
		};
/* End PBXFrameworksBuildPhase section */

/* Begin PBXGroup section */
		5B08200028DAB13C00BB9C31 = {
			isa = PBXGroup;
			children = (
				5B08200B28DAB13C00BB9C31 /* Today */,
				5B08202228DAB13D00BB9C31 /* TodayTests */,
				5B08202C28DAB13D00BB9C31 /* TodayUITests */,
				5B08200A28DAB13C00BB9C31 /* Products */,
			);
			sourceTree = "<group>";
		};
		5B08200A28DAB13C00BB9C31 /* Products */ = {
			isa = PBXGroup;
			children = (
				5B08200928DAB13C00BB9C31 /* Today.app */,
				5B08201F28DAB13D00BB9C31 /* TodayTests.xctest */,
				5B08202928DAB13D00BB9C31 /* TodayUITests.xctest */,
			);
			name = Products;
			sourceTree = "<group>";
		};
		5B08200B28DAB13C00BB9C31 /* Today */ = {
			isa = PBXGroup;
			children = (
				5B08203C28DD911500BB9C31 /* Models */,
				5B08200C28DAB13C00BB9C31 /* AppDelegate.swift */,
				5B08200E28DAB13C00BB9C31 /* SceneDelegate.swift */,
				5B08201028DAB13C00BB9C31 /* ReminderListViewController.swift */,
				5B08201228DAB13C00BB9C31 /* Main.storyboard */,
				5B08201528DAB13D00BB9C31 /* Assets.xcassets */,
				5B08201728DAB13D00BB9C31 /* LaunchScreen.storyboard */,
				5B08201A28DAB13D00BB9C31 /* Info.plist */,
			);
			path = Today;
			sourceTree = "<group>";
		};
		5B08202228DAB13D00BB9C31 /* TodayTests */ = {
			isa = PBXGroup;
			children = (
				5B08202328DAB13D00BB9C31 /* TodayTests.swift */,
			);
			path = TodayTests;
			sourceTree = "<group>";
		};
		5B08202C28DAB13D00BB9C31 /* TodayUITests */ = {
			isa = PBXGroup;
			children = (
				5B08202D28DAB13D00BB9C31 /* TodayUITests.swift */,
				5B08202F28DAB13D00BB9C31 /* TodayUITestsLaunchTests.swift */,
			);
			path = TodayUITests;
			sourceTree = "<group>";
		};
		5B08203C28DD911500BB9C31 /* Models */ = {
			isa = PBXGroup;
			children = (
				5B08203D28DD91CB00BB9C31 /* Reminder.swift */,
				5B08203F28E2B84D00BB9C31 /* Date+Today.swift */,
			);
			path = Models;
			sourceTree = "<group>";
		};
/* End PBXGroup section */

/* Begin PBXNativeTarget section */
		5B08200828DAB13C00BB9C31 /* Today */ = {
			isa = PBXNativeTarget;
			buildConfigurationList = 5B08203328DAB13D00BB9C31 /* Build configuration list for PBXNativeTarget "Today" */;
			buildPhases = (
				5B08200528DAB13C00BB9C31 /* Sources */,
				5B08200628DAB13C00BB9C31 /* Frameworks */,
				5B08200728DAB13C00BB9C31 /* Resources */,
			);
			buildRules = (
			);
			dependencies = (
			);
			name = Today;
			productName = Today;
			productReference = 5B08200928DAB13C00BB9C31 /* Today.app */;
			productType = "com.apple.product-type.application";
		};
		5B08201E28DAB13D00BB9C31 /* TodayTests */ = {
			isa = PBXNativeTarget;
			buildConfigurationList = 5B08203628DAB13D00BB9C31 /* Build configuration list for PBXNativeTarget "TodayTests" */;
			buildPhases = (
				5B08201B28DAB13D00BB9C31 /* Sources */,
				5B08201C28DAB13D00BB9C31 /* Frameworks */,
				5B08201D28DAB13D00BB9C31 /* Resources */,
			);
			buildRules = (
			);
			dependencies = (
				5B08202128DAB13D00BB9C31 /* PBXTargetDependency */,
			);
			name = TodayTests;
			productName = TodayTests;
			productReference = 5B08201F28DAB13D00BB9C31 /* TodayTests.xctest */;
			productType = "com.apple.product-type.bundle.unit-test";
		};
		5B08202828DAB13D00BB9C31 /* TodayUITests */ = {
			isa = PBXNativeTarget;
			buildConfigurationList = 5B08203928DAB13D00BB9C31 /* Build configuration list for PBXNativeTarget "TodayUITests" */;
			buildPhases = (
				5B08202528DAB13D00BB9C31 /* Sources */,
				5B08202628DAB13D00BB9C31 /* Frameworks */,
				5B08202728DAB13D00BB9C31 /* Resources */,
			);
			buildRules = (
			);
			dependencies = (
				5B08202B28DAB13D00BB9C31 /* PBXTargetDependency */,
			);
			name = TodayUITests;
			productName = TodayUITests;
			productReference = 5B08202928DAB13D00BB9C31 /* TodayUITests.xctest */;
			productType = "com.apple.product-type.bundle.ui-testing";
		};
/* End PBXNativeTarget section */

/* Begin PBXProject section */
		5B08200128DAB13C00BB9C31 /* Project object */ = {
			isa = PBXProject;
			attributes = {
				BuildIndependentTargetsInParallel = 1;
				LastSwiftUpdateCheck = 1400;
				LastUpgradeCheck = 1400;
				TargetAttributes = {
					5B08200828DAB13C00BB9C31 = {
						CreatedOnToolsVersion = 14.0;
					};
					5B08201E28DAB13D00BB9C31 = {
						CreatedOnToolsVersion = 14.0;
						TestTargetID = 5B08200828DAB13C00BB9C31;
					};
					5B08202828DAB13D00BB9C31 = {
						CreatedOnToolsVersion = 14.0;
						TestTargetID = 5B08200828DAB13C00BB9C31;
					};
				};
			};
			buildConfigurationList = 5B08200428DAB13C00BB9C31 /* Build configuration list for PBXProject "Today" */;
			compatibilityVersion = "Xcode 14.0";
			developmentRegion = en;
			hasScannedForEncodings = 0;
			knownRegions = (
				en,
				Base,
			);
			mainGroup = 5B08200028DAB13C00BB9C31;
			productRefGroup = 5B08200A28DAB13C00BB9C31 /* Products */;
			projectDirPath = "";
			projectRoot = "";
			targets = (
				5B08200828DAB13C00BB9C31 /* Today */,
				5B08201E28DAB13D00BB9C31 /* TodayTests */,
				5B08202828DAB13D00BB9C31 /* TodayUITests */,
			);
		};
/* End PBXProject section */

/* Begin PBXResourcesBuildPhase section */
		5B08200728DAB13C00BB9C31 /* Resources */ = {
			isa = PBXResourcesBuildPhase;
			buildActionMask = 2147483647;
			files = (
				5B08201928DAB13D00BB9C31 /* LaunchScreen.storyboard in Resources */,
				5B08201628DAB13D00BB9C31 /* Assets.xcassets in Resources */,
				5B08201428DAB13C00BB9C31 /* Main.storyboard in Resources */,
			);
			runOnlyForDeploymentPostprocessing = 0;
		};
		5B08201D28DAB13D00BB9C31 /* Resources */ = {
			isa = PBXResourcesBuildPhase;
			buildActionMask = 2147483647;
			files = (
			);
			runOnlyForDeploymentPostprocessing = 0;
		};
		5B08202728DAB13D00BB9C31 /* Resources */ = {
			isa = PBXResourcesBuildPhase;
			buildActionMask = 2147483647;
			files = (
			);
			runOnlyForDeploymentPostprocessing = 0;
		};
/* End PBXResourcesBuildPhase section */

/* Begin PBXSourcesBuildPhase section */
		5B08200528DAB13C00BB9C31 /* Sources */ = {
			isa = PBXSourcesBuildPhase;
			buildActionMask = 2147483647;
			files = (
				5B08201128DAB13C00BB9C31 /* ReminderListViewController.swift in Sources */,
				5B08204028E2B84D00BB9C31 /* Date+Today.swift in Sources */,
				5B08200D28DAB13C00BB9C31 /* AppDelegate.swift in Sources */,
				5B08200F28DAB13C00BB9C31 /* SceneDelegate.swift in Sources */,
				5B08203E28DD91CB00BB9C31 /* Reminder.swift in Sources */,
			);
			runOnlyForDeploymentPostprocessing = 0;
		};
		5B08201B28DAB13D00BB9C31 /* Sources */ = {
			isa = PBXSourcesBuildPhase;
			buildActionMask = 2147483647;
			files = (
				5B08202428DAB13D00BB9C31 /* TodayTests.swift in Sources */,
			);
			runOnlyForDeploymentPostprocessing = 0;
		};
		5B08202528DAB13D00BB9C31 /* Sources */ = {
			isa = PBXSourcesBuildPhase;
			buildActionMask = 2147483647;
			files = (
				5B08203028DAB13D00BB9C31 /* TodayUITestsLaunchTests.swift in Sources */,
				5B08202E28DAB13D00BB9C31 /* TodayUITests.swift in Sources */,
			);
			runOnlyForDeploymentPostprocessing = 0;
		};
/* End PBXSourcesBuildPhase section */

/* Begin PBXTargetDependency section */
		5B08202128DAB13D00BB9C31 /* PBXTargetDependency */ = {
			isa = PBXTargetDependency;
			target = 5B08200828DAB13C00BB9C31 /* Today */;
			targetProxy = 5B08202028DAB13D00BB9C31 /* PBXContainerItemProxy */;
		};
		5B08202B28DAB13D00BB9C31 /* PBXTargetDependency */ = {
			isa = PBXTargetDependency;
			target = 5B08200828DAB13C00BB9C31 /* Today */;
			targetProxy = 5B08202A28DAB13D00BB9C31 /* PBXContainerItemProxy */;
		};
/* End PBXTargetDependency section */

/* Begin PBXVariantGroup section */
		5B08201228DAB13C00BB9C31 /* Main.storyboard */ = {
			isa = PBXVariantGroup;
			children = (
				5B08201328DAB13C00BB9C31 /* Base */,
			);
			name = Main.storyboard;
			sourceTree = "<group>";
		};
		5B08201728DAB13D00BB9C31 /* LaunchScreen.storyboard */ = {
			isa = PBXVariantGroup;
			children = (
				5B08201828DAB13D00BB9C31 /* Base */,
			);
			name = LaunchScreen.storyboard;
			sourceTree = "<group>";
		};
/* End PBXVariantGroup section */

/* Begin XCBuildConfiguration section */
		5B08203128DAB13D00BB9C31 /* Debug */ = {
			isa = XCBuildConfiguration;
			buildSettings = {
				ALWAYS_SEARCH_USER_PATHS = NO;
				CLANG_ANALYZER_NONNULL = YES;
				CLANG_ANALYZER_NUMBER_OBJECT_CONVERSION = YES_AGGRESSIVE;
				CLANG_CXX_LANGUAGE_STANDARD = "gnu++20";
				CLANG_ENABLE_MODULES = YES;
				CLANG_ENABLE_OBJC_ARC = YES;
				CLANG_ENABLE_OBJC_WEAK = YES;
				CLANG_WARN_BLOCK_CAPTURE_AUTORELEASING = YES;
				CLANG_WARN_BOOL_CONVERSION = YES;
				CLANG_WARN_COMMA = YES;
				CLANG_WARN_CONSTANT_CONVERSION = YES;
				CLANG_WARN_DEPRECATED_OBJC_IMPLEMENTATIONS = YES;
				CLANG_WARN_DIRECT_OBJC_ISA_USAGE = YES_ERROR;
				CLANG_WARN_DOCUMENTATION_COMMENTS = YES;
				CLANG_WARN_EMPTY_BODY = YES;
				CLANG_WARN_ENUM_CONVERSION = YES;
				CLANG_WARN_INFINITE_RECURSION = YES;
				CLANG_WARN_INT_CONVERSION = YES;
				CLANG_WARN_NON_LITERAL_NULL_CONVERSION = YES;
				CLANG_WARN_OBJC_IMPLICIT_RETAIN_SELF = YES;
				CLANG_WARN_OBJC_LITERAL_CONVERSION = YES;
				CLANG_WARN_OBJC_ROOT_CLASS = YES_ERROR;
				CLANG_WARN_QUOTED_INCLUDE_IN_FRAMEWORK_HEADER = YES;
				CLANG_WARN_RANGE_LOOP_ANALYSIS = YES;
				CLANG_WARN_STRICT_PROTOTYPES = YES;
				CLANG_WARN_SUSPICIOUS_MOVE = YES;
				CLANG_WARN_UNGUARDED_AVAILABILITY = YES_AGGRESSIVE;
				CLANG_WARN_UNREACHABLE_CODE = YES;
				CLANG_WARN__DUPLICATE_METHOD_MATCH = YES;
				COPY_PHASE_STRIP = NO;
				DEBUG_INFORMATION_FORMAT = dwarf;
				ENABLE_STRICT_OBJC_MSGSEND = YES;
				ENABLE_TESTABILITY = YES;
				GCC_C_LANGUAGE_STANDARD = gnu11;
				GCC_DYNAMIC_NO_PIC = NO;
				GCC_NO_COMMON_BLOCKS = YES;
				GCC_OPTIMIZATION_LEVEL = 0;
				GCC_PREPROCESSOR_DEFINITIONS = (
					"DEBUG=1",
					"$(inherited)",
				);
				GCC_WARN_64_TO_32_BIT_CONVERSION = YES;
				GCC_WARN_ABOUT_RETURN_TYPE = YES_ERROR;
				GCC_WARN_UNDECLARED_SELECTOR = YES;
				GCC_WARN_UNINITIALIZED_AUTOS = YES_AGGRESSIVE;
				GCC_WARN_UNUSED_FUNCTION = YES;
				GCC_WARN_UNUSED_VARIABLE = YES;
				IPHONEOS_DEPLOYMENT_TARGET = 16.0;
				MTL_ENABLE_DEBUG_INFO = INCLUDE_SOURCE;
				MTL_FAST_MATH = YES;
				ONLY_ACTIVE_ARCH = YES;
				SDKROOT = iphoneos;
				SWIFT_ACTIVE_COMPILATION_CONDITIONS = DEBUG;
				SWIFT_OPTIMIZATION_LEVEL = "-Onone";
			};
			name = Debug;
		};
		5B08203228DAB13D00BB9C31 /* Release */ = {
			isa = XCBuildConfiguration;
			buildSettings = {
				ALWAYS_SEARCH_USER_PATHS = NO;
				CLANG_ANALYZER_NONNULL = YES;
				CLANG_ANALYZER_NUMBER_OBJECT_CONVERSION = YES_AGGRESSIVE;
				CLANG_CXX_LANGUAGE_STANDARD = "gnu++20";
				CLANG_ENABLE_MODULES = YES;
				CLANG_ENABLE_OBJC_ARC = YES;
				CLANG_ENABLE_OBJC_WEAK = YES;
				CLANG_WARN_BLOCK_CAPTURE_AUTORELEASING = YES;
				CLANG_WARN_BOOL_CONVERSION = YES;
				CLANG_WARN_COMMA = YES;
				CLANG_WARN_CONSTANT_CONVERSION = YES;
				CLANG_WARN_DEPRECATED_OBJC_IMPLEMENTATIONS = YES;
				CLANG_WARN_DIRECT_OBJC_ISA_USAGE = YES_ERROR;
				CLANG_WARN_DOCUMENTATION_COMMENTS = YES;
				CLANG_WARN_EMPTY_BODY = YES;
				CLANG_WARN_ENUM_CONVERSION = YES;
				CLANG_WARN_INFINITE_RECURSION = YES;
				CLANG_WARN_INT_CONVERSION = YES;
				CLANG_WARN_NON_LITERAL_NULL_CONVERSION = YES;
				CLANG_WARN_OBJC_IMPLICIT_RETAIN_SELF = YES;
				CLANG_WARN_OBJC_LITERAL_CONVERSION = YES;
				CLANG_WARN_OBJC_ROOT_CLASS = YES_ERROR;
				CLANG_WARN_QUOTED_INCLUDE_IN_FRAMEWORK_HEADER = YES;
				CLANG_WARN_RANGE_LOOP_ANALYSIS = YES;
				CLANG_WARN_STRICT_PROTOTYPES = YES;
				CLANG_WARN_SUSPICIOUS_MOVE = YES;
				CLANG_WARN_UNGUARDED_AVAILABILITY = YES_AGGRESSIVE;
				CLANG_WARN_UNREACHABLE_CODE = YES;
				CLANG_WARN__DUPLICATE_METHOD_MATCH = YES;
				COPY_PHASE_STRIP = NO;
				DEBUG_INFORMATION_FORMAT = "dwarf-with-dsym";
				ENABLE_NS_ASSERTIONS = NO;
				ENABLE_STRICT_OBJC_MSGSEND = YES;
				GCC_C_LANGUAGE_STANDARD = gnu11;
				GCC_NO_COMMON_BLOCKS = YES;
				GCC_WARN_64_TO_32_BIT_CONVERSION = YES;
				GCC_WARN_ABOUT_RETURN_TYPE = YES_ERROR;
				GCC_WARN_UNDECLARED_SELECTOR = YES;
				GCC_WARN_UNINITIALIZED_AUTOS = YES_AGGRESSIVE;
				GCC_WARN_UNUSED_FUNCTION = YES;
				GCC_WARN_UNUSED_VARIABLE = YES;
				IPHONEOS_DEPLOYMENT_TARGET = 16.0;
				MTL_ENABLE_DEBUG_INFO = NO;
				MTL_FAST_MATH = YES;
				SDKROOT = iphoneos;
				SWIFT_COMPILATION_MODE = wholemodule;
				SWIFT_OPTIMIZATION_LEVEL = "-O";
				VALIDATE_PRODUCT = YES;
			};
			name = Release;
		};
		5B08203428DAB13D00BB9C31 /* Debug */ = {
			isa = XCBuildConfiguration;
			buildSettings = {
				ASSETCATALOG_COMPILER_APPICON_NAME = AppIcon;
				ASSETCATALOG_COMPILER_GLOBAL_ACCENT_COLOR_NAME = AccentColor;
				CODE_SIGN_STYLE = Automatic;
				CURRENT_PROJECT_VERSION = 1;
				GENERATE_INFOPLIST_FILE = YES;
				INFOPLIST_FILE = Today/Info.plist;
				INFOPLIST_KEY_UIApplicationSupportsIndirectInputEvents = YES;
				INFOPLIST_KEY_UILaunchStoryboardName = LaunchScreen;
				INFOPLIST_KEY_UIMainStoryboardFile = Main;
				INFOPLIST_KEY_UISupportedInterfaceOrientations_iPad = "UIInterfaceOrientationPortrait UIInterfaceOrientationPortraitUpsideDown UIInterfaceOrientationLandscapeLeft UIInterfaceOrientationLandscapeRight";
				INFOPLIST_KEY_UISupportedInterfaceOrientations_iPhone = "UIInterfaceOrientationPortrait UIInterfaceOrientationLandscapeLeft UIInterfaceOrientationLandscapeRight";
				LD_RUNPATH_SEARCH_PATHS = (
					"$(inherited)",
					"@executable_path/Frameworks",
				);
				MARKETING_VERSION = 1.0;
				PRODUCT_BUNDLE_IDENTIFIER = com.example.Today;
				PRODUCT_NAME = "$(TARGET_NAME)";
				SWIFT_EMIT_LOC_STRINGS = YES;
				SWIFT_VERSION = 5.0;
				TARGETED_DEVICE_FAMILY = "1,2";
			};
			name = Debug;
		};
		5B08203528DAB13D00BB9C31 /* Release */ = {
			isa = XCBuildConfiguration;
			buildSettings = {
				ASSETCATALOG_COMPILER_APPICON_NAME = AppIcon;
				ASSETCATALOG_COMPILER_GLOBAL_ACCENT_COLOR_NAME = AccentColor;
				CODE_SIGN_STYLE = Automatic;
				CURRENT_PROJECT_VERSION = 1;
				GENERATE_INFOPLIST_FILE = YES;
				INFOPLIST_FILE = Today/Info.plist;
				INFOPLIST_KEY_UIApplicationSupportsIndirectInputEvents = YES;
				INFOPLIST_KEY_UILaunchStoryboardName = LaunchScreen;
				INFOPLIST_KEY_UIMainStoryboardFile = Main;
				INFOPLIST_KEY_UISupportedInterfaceOrientations_iPad = "UIInterfaceOrientationPortrait UIInterfaceOrientationPortraitUpsideDown UIInterfaceOrientationLandscapeLeft UIInterfaceOrientationLandscapeRight";
				INFOPLIST_KEY_UISupportedInterfaceOrientations_iPhone = "UIInterfaceOrientationPortrait UIInterfaceOrientationLandscapeLeft UIInterfaceOrientationLandscapeRight";
				LD_RUNPATH_SEARCH_PATHS = (
					"$(inherited)",
					"@executable_path/Frameworks",
				);
				MARKETING_VERSION = 1.0;
				PRODUCT_BUNDLE_IDENTIFIER = com.example.Today;
				PRODUCT_NAME = "$(TARGET_NAME)";
				SWIFT_EMIT_LOC_STRINGS = YES;
				SWIFT_VERSION = 5.0;
				TARGETED_DEVICE_FAMILY = "1,2";
			};
			name = Release;
		};
		5B08203728DAB13D00BB9C31 /* Debug */ = {
			isa = XCBuildConfiguration;
			buildSettings = {
				ALWAYS_EMBED_SWIFT_STANDARD_LIBRARIES = YES;
				BUNDLE_LOADER = "$(TEST_HOST)";
				CODE_SIGN_STYLE = Automatic;
				CURRENT_PROJECT_VERSION = 1;
				GENERATE_INFOPLIST_FILE = YES;
				IPHONEOS_DEPLOYMENT_TARGET = 16.0;
				MARKETING_VERSION = 1.0;
				PRODUCT_BUNDLE_IDENTIFIER = com.example.TodayTests;
				PRODUCT_NAME = "$(TARGET_NAME)";
				SWIFT_EMIT_LOC_STRINGS = NO;
				SWIFT_VERSION = 5.0;
				TARGETED_DEVICE_FAMILY = "1,2";
				TEST_HOST = "$(BUILT_PRODUCTS_DIR)/Today.app/$(BUNDLE_EXECUTABLE_FOLDER_PATH)/Today";
			};
			name = Debug;
		};
		5B08203828DAB13D00BB9C31 /* Release */ = {
			isa = XCBuildConfiguration;
			buildSettings = {
				ALWAYS_EMBED_SWIFT_STANDARD_LIBRARIES = YES;
				BUNDLE_LOADER = "$(TEST_HOST)";
				CODE_SIGN_STYLE = Automatic;
				CURRENT_PROJECT_VERSION = 1;
				GENERATE_INFOPLIST_FILE = YES;
				IPHONEOS_DEPLOYMENT_TARGET = 16.0;
				MARKETING_VERSION = 1.0;
				PRODUCT_BUNDLE_IDENTIFIER = com.example.TodayTests;
				PRODUCT_NAME = "$(TARGET_NAME)";
				SWIFT_EMIT_LOC_STRINGS = NO;
				SWIFT_VERSION = 5.0;
				TARGETED_DEVICE_FAMILY = "1,2";
				TEST_HOST = "$(BUILT_PRODUCTS_DIR)/Today.app/$(BUNDLE_EXECUTABLE_FOLDER_PATH)/Today";
			};
			name = Release;
		};
		5B08203A28DAB13D00BB9C31 /* Debug */ = {
			isa = XCBuildConfiguration;
			buildSettings = {
				ALWAYS_EMBED_SWIFT_STANDARD_LIBRARIES = YES;
				CODE_SIGN_STYLE = Automatic;
				CURRENT_PROJECT_VERSION = 1;
				GENERATE_INFOPLIST_FILE = YES;
				MARKETING_VERSION = 1.0;
				PRODUCT_BUNDLE_IDENTIFIER = com.example.TodayUITests;
				PRODUCT_NAME = "$(TARGET_NAME)";
				SWIFT_EMIT_LOC_STRINGS = NO;
				SWIFT_VERSION = 5.0;
				TARGETED_DEVICE_FAMILY = "1,2";
				TEST_TARGET_NAME = Today;
			};
			name = Debug;
		};
		5B08203B28DAB13D00BB9C31 /* Release */ = {
			isa = XCBuildConfiguration;
			buildSettings = {
				ALWAYS_EMBED_SWIFT_STANDARD_LIBRARIES = YES;
				CODE_SIGN_STYLE = Automatic;
				CURRENT_PROJECT_VERSION = 1;
				GENERATE_INFOPLIST_FILE = YES;
				MARKETING_VERSION = 1.0;
				PRODUCT_BUNDLE_IDENTIFIER = com.example.TodayUITests;
				PRODUCT_NAME = "$(TARGET_NAME)";
				SWIFT_EMIT_LOC_STRINGS = NO;
				SWIFT_VERSION = 5.0;
				TARGETED_DEVICE_FAMILY = "1,2";
				TEST_TARGET_NAME = Today;
			};
			name = Release;
		};
/* End XCBuildConfiguration section */

/* Begin XCConfigurationList section */
		5B08200428DAB13C00BB9C31 /* Build configuration list for PBXProject "Today" */ = {
			isa = XCConfigurationList;
			buildConfigurations = (
				5B08203128DAB13D00BB9C31 /* Debug */,
				5B08203228DAB13D00BB9C31 /* Release */,
			);
			defaultConfigurationIsVisible = 0;
			defaultConfigurationName = Release;
		};
		5B08203328DAB13D00BB9C31 /* Build configuration list for PBXNativeTarget "Today" */ = {
			isa = XCConfigurationList;
			buildConfigurations = (
				5B08203428DAB13D00BB9C31 /* Debug */,
				5B08203528DAB13D00BB9C31 /* Release */,
			);
			defaultConfigurationIsVisible = 0;
			defaultConfigurationName = Release;
		};
		5B08203628DAB13D00BB9C31 /* Build configuration list for PBXNativeTarget "TodayTests" */ = {
			isa = XCConfigurationList;
			buildConfigurations = (
				5B08203728DAB13D00BB9C31 /* Debug */,
				5B08203828DAB13D00BB9C31 /* Release */,
			);
			defaultConfigurationIsVisible = 0;
			defaultConfigurationName = Release;
		};
		5B08203928DAB13D00BB9C31 /* Build configuration list for PBXNativeTarget "TodayUITests" */ = {
			isa = XCConfigurationList;
			buildConfigurations = (
				5B08203A28DAB13D00BB9C31 /* Debug */,
				5B08203B28DAB13D00BB9C31 /* Release */,
			);
			defaultConfigurationIsVisible = 0;
			defaultConfigurationName = Release;
		};
/* End XCConfigurationList section */
	};
	rootObject = 5B08200128DAB13C00BB9C31 /* Project object */;
}
